
Microsoft Visual Studio Solution File, Format Version 12.00
# Visual Studio Version 17
VisualStudioVersion = 17.3.32929.385
MinimumVisualStudioVersion = 10.0.40219.1
Project("{FAE04EC0-301F-11D3-BF4B-00C04F79EFBC}") = "Emerytura", "Emerytura\Emerytura.csproj", "{DBD4FB6B-C7A2-46AA-A0CC-A633D3C78873}"
EndProject
Global
	GlobalSection(SolutionConfigurationPlatforms) = preSolution
		Debug|Any CPU = Debug|Any CPU
		Release|Any CPU = Release|Any CPU
	EndGlobalSection
	GlobalSection(ProjectConfigurationPlatforms) = postSolution
		{DBD4FB6B-C7A2-46AA-A0CC-A633D3C78873}.Debug|Any CPU.ActiveCfg = Debug|Any CPU
		{DBD4FB6B-C7A2-46AA-A0CC-A633D3C78873}.Debug|Any CPU.Build.0 = Debug|Any CPU
		{DBD4FB6B-C7A2-46AA-A0CC-A633D3C78873}.Release|Any CPU.ActiveCfg = Release|Any CPU
		{DBD4FB6B-C7A2-46AA-A0CC-A633D3C78873}.Release|Any CPU.Build.0 = Release|Any CPU
	EndGlobalSection
	GlobalSection(SolutionProperties) = preSolution
		HideSolutionNode = FALSE
	EndGlobalSection
	GlobalSection(ExtensibilityGlobals) = postSolution
		SolutionGuid = {8D1E437C-9912-436E-8D2D-81E47EFDDFF9}
	EndGlobalSection
EndGlobal
